
Microsoft Visual Studio Solution File, Format Version 12.00
# Visual Studio Version 17
VisualStudioVersion = 17.14.36804.6
MinimumVisualStudioVersion = 10.0.40219.1
Project("{FAE04EC0-301F-11D3-BF4B-00C04F79EFBC}") = "AppWeb", "AppWeb\AppWeb.csproj", "{770C47C9-28B2-83F6-FD34-655446E54F4D}"
EndProject
Project("{FAE04EC0-301F-11D3-BF4B-00C04F79EFBC}") = "Models", "Models\Models.csproj", "{262C6A48-AE34-D77E-44A9-AF0CD30983F0}"
EndProject
Project("{FAE04EC0-301F-11D3-BF4B-00C04F79EFBC}") = "Repository", "Repository\Repository.csproj", "{CE8F3387-4CAB-64ED-80E3-18319C5DCD81}"
EndProject
Project("{FAE04EC0-301F-11D3-BF4B-00C04F79EFBC}") = "WebAPI", "WebAPI\WebAPI.csproj", "{8D6B33C5-CEE1-20B5-A207-99CBB61F699C}"
EndProject
Global
	GlobalSection(SolutionConfigurationPlatforms) = preSolution
		Debug|Any CPU = Debug|Any CPU
		Release|Any CPU = Release|Any CPU
	EndGlobalSection
	GlobalSection(ProjectConfigurationPlatforms) = postSolution
		{770C47C9-28B2-83F6-FD34-655446E54F4D}.Debug|Any CPU.ActiveCfg = Debug|Any CPU
		{770C47C9-28B2-83F6-FD34-655446E54F4D}.Debug|Any CPU.Build.0 = Debug|Any CPU
		{770C47C9-28B2-83F6-FD34-655446E54F4D}.Release|Any CPU.ActiveCfg = Release|Any CPU
		{770C47C9-28B2-83F6-FD34-655446E54F4D}.Release|Any CPU.Build.0 = Release|Any CPU
		{262C6A48-AE34-D77E-44A9-AF0CD30983F0}.Debug|Any CPU.ActiveCfg = Debug|Any CPU
		{262C6A48-AE34-D77E-44A9-AF0CD30983F0}.Debug|Any CPU.Build.0 = Debug|Any CPU
		{262C6A48-AE34-D77E-44A9-AF0CD30983F0}.Release|Any CPU.ActiveCfg = Release|Any CPU
		{262C6A48-AE34-D77E-44A9-AF0CD30983F0}.Release|Any CPU.Build.0 = Release|Any CPU
		{CE8F3387-4CAB-64ED-80E3-18319C5DCD81}.Debug|Any CPU.ActiveCfg = Debug|Any CPU
		{CE8F3387-4CAB-64ED-80E3-18319C5DCD81}.Debug|Any CPU.Build.0 = Debug|Any CPU
		{CE8F3387-4CAB-64ED-80E3-18319C5DCD81}.Release|Any CPU.ActiveCfg = Release|Any CPU
		{CE8F3387-4CAB-64ED-80E3-18319C5DCD81}.Release|Any CPU.Build.0 = Release|Any CPU
		{8D6B33C5-CEE1-20B5-A207-99CBB61F699C}.Debug|Any CPU.ActiveCfg = Debug|Any CPU
		{8D6B33C5-CEE1-20B5-A207-99CBB61F699C}.Debug|Any CPU.Build.0 = Debug|Any CPU
		{8D6B33C5-CEE1-20B5-A207-99CBB61F699C}.Release|Any CPU.ActiveCfg = Release|Any CPU
		{8D6B33C5-CEE1-20B5-A207-99CBB61F699C}.Release|Any CPU.Build.0 = Release|Any CPU
	EndGlobalSection
	GlobalSection(SolutionProperties) = preSolution
		HideSolutionNode = FALSE
	EndGlobalSection
	GlobalSection(ExtensibilityGlobals) = postSolution
		SolutionGuid = {EB7EDA89-FC4D-4068-97BD-6D9A44CA735B}
	EndGlobalSection
EndGlobal
